
Microsoft Visual Studio Solution File, Format Version 12.00
# Visual Studio 2015
Project("{FAE04EC0-301F-11D3-BF4B-00C04F79EFBC}") = "uLab.CSharp", "uLab.CSharp.csproj", "{A77B2874-9C35-398F-F2B8-8A6FBE57F1D4}"
EndProject
Project("{FAE04EC0-301F-11D3-BF4B-00C04F79EFBC}") = "uLab.CSharp.Editor", "uLab.CSharp.Editor.csproj", "{F4EE4BA2-B909-939D-BF3E-41C27DFE2C62}"
EndProject
Global
	GlobalSection(SolutionConfigurationPlatforms) = preSolution
		Debug|Any CPU = Debug|Any CPU
		Release|Any CPU = Release|Any CPU
	EndGlobalSection
	GlobalSection(ProjectConfigurationPlatforms) = postSolution
		{A77B2874-9C35-398F-F2B8-8A6FBE57F1D4}.Debug|Any CPU.ActiveCfg = Debug|Any CPU
		{A77B2874-9C35-398F-F2B8-8A6FBE57F1D4}.Debug|Any CPU.Build.0 = Debug|Any CPU
		{A77B2874-9C35-398F-F2B8-8A6FBE57F1D4}.Release|Any CPU.ActiveCfg = Release|Any CPU
		{A77B2874-9C35-398F-F2B8-8A6FBE57F1D4}.Release|Any CPU.Build.0 = Release|Any CPU
		{F4EE4BA2-B909-939D-BF3E-41C27DFE2C62}.Debug|Any CPU.ActiveCfg = Debug|Any CPU
		{F4EE4BA2-B909-939D-BF3E-41C27DFE2C62}.Debug|Any CPU.Build.0 = Debug|Any CPU
		{F4EE4BA2-B909-939D-BF3E-41C27DFE2C62}.Release|Any CPU.ActiveCfg = Release|Any CPU
		{F4EE4BA2-B909-939D-BF3E-41C27DFE2C62}.Release|Any CPU.Build.0 = Release|Any CPU
	EndGlobalSection
	GlobalSection(SolutionProperties) = preSolution
		HideSolutionNode = FALSE
	EndGlobalSection
EndGlobal
